// !$*UTF8*$!
{
	archiveVersion = 1;
	classes = {
	};
	objectVersion = 63;
	objects = {

/* Begin PBXBuildFile section */
		2C4298662CEB286500589D8F /* Offset.swift in Sources */ = {isa = PBXBuildFile; fileRef = 2C42984B2CEB286500589D8F /* Offset.swift */; };
		2C4298672CEB286500589D8F /* UIImageView+Extension.swift in Sources */ = {isa = PBXBuildFile; fileRef = 2C42984C2CEB286500589D8F /* UIImageView+Extension.swift */; };
		2C4298682CEB286500589D8F /* ProductDetailsViewController.swift in Sources */ = {isa = PBXBuildFile; fileRef = 2C42984E2CEB286500589D8F /* ProductDetailsViewController.swift */; };
		2C4298692CEB286500589D8F /* ProductCollectionViewCell.swift in Sources */ = {isa = PBXBuildFile; fileRef = 2C4298502CEB286500589D8F /* ProductCollectionViewCell.swift */; };
		2C42986A2CEB286500589D8F /* SearchProductInteractor.swift in Sources */ = {isa = PBXBuildFile; fileRef = 2C4298512CEB286500589D8F /* SearchProductInteractor.swift */; };
		2C42986B2CEB286500589D8F /* SearchProductPresenter.swift in Sources */ = {isa = PBXBuildFile; fileRef = 2C4298522CEB286500589D8F /* SearchProductPresenter.swift */; };
		2C42986C2CEB286500589D8F /* SearchProductRouter.swift in Sources */ = {isa = PBXBuildFile; fileRef = 2C4298532CEB286500589D8F /* SearchProductRouter.swift */; };
		2C42986D2CEB286500589D8F /* SearchProductViewController.swift in Sources */ = {isa = PBXBuildFile; fileRef = 2C4298542CEB286500589D8F /* SearchProductViewController.swift */; };
		2C42986E2CEB286500589D8F /* Product.swift in Sources */ = {isa = PBXBuildFile; fileRef = 2C4298562CEB286500589D8F /* Product.swift */; };
		2C42986F2CEB286500589D8F /* RequestsManager.swift in Sources */ = {isa = PBXBuildFile; fileRef = 2C4298572CEB286500589D8F /* RequestsManager.swift */; };
		2C4298702CEB286500589D8F /* ImageButtonView.swift in Sources */ = {isa = PBXBuildFile; fileRef = 2C4298592CEB286500589D8F /* ImageButtonView.swift */; };
		2C4298712CEB286500589D8F /* TitleSubtitleView.swift in Sources */ = {isa = PBXBuildFile; fileRef = 2C42985A2CEB286500589D8F /* TitleSubtitleView.swift */; };
		2C4298722CEB286500589D8F /* AppDelegate.swift in Sources */ = {isa = PBXBuildFile; fileRef = 2C42985C2CEB286500589D8F /* AppDelegate.swift */; };
		2C4298732CEB286500589D8F /* ProductSearch.xcdatamodeld in Sources */ = {isa = PBXBuildFile; fileRef = 2C4298622CEB286500589D8F /* ProductSearch.xcdatamodeld */; };
		2C4298742CEB286500589D8F /* SceneDelegate.swift in Sources */ = {isa = PBXBuildFile; fileRef = 2C4298632CEB286500589D8F /* SceneDelegate.swift */; };
		2C4298752CEB286500589D8F /* Assets.xcassets in Resources */ = {isa = PBXBuildFile; fileRef = 2C42985D2CEB286500589D8F /* Assets.xcassets */; };
		2C4298772CEB286500589D8F /* LaunchScreen.storyboard in Resources */ = {isa = PBXBuildFile; fileRef = 2C4298602CEB286500589D8F /* LaunchScreen.storyboard */; };
		2C4298782CEB286500589D8F /* Main.storyboard in Resources */ = {isa = PBXBuildFile; fileRef = 2C4298612CEB286500589D8F /* Main.storyboard */; };
		2C9777E92CEC8475001A50FD /* String+Extension.swift in Sources */ = {isa = PBXBuildFile; fileRef = 2C9777E82CEC8475001A50FD /* String+Extension.swift */; };
		2C9777F42CEC8EED001A50FD /* DatabaseManager.swift in Sources */ = {isa = PBXBuildFile; fileRef = 2C9777F32CEC8EED001A50FD /* DatabaseManager.swift */; };
		2C9777F62CEC9468001A50FD /* ProductModel.swift in Sources */ = {isa = PBXBuildFile; fileRef = 2C9777F52CEC9468001A50FD /* ProductModel.swift */; };
		2C9777F82CEC99BA001A50FD /* FavouriteProductsListInteractor.swift in Sources */ = {isa = PBXBuildFile; fileRef = 2C9777F72CEC99BA001A50FD /* FavouriteProductsListInteractor.swift */; };
		2C9777FA2CEC9FCD001A50FD /* ProductsListViewController.swift in Sources */ = {isa = PBXBuildFile; fileRef = 2C9777F92CEC9FC1001A50FD /* ProductsListViewController.swift */; };
		2C9777FD2CECB824001A50FD /* FavouriteProductsListRouter.swift in Sources */ = {isa = PBXBuildFile; fileRef = 2C9777FC2CECB824001A50FD /* FavouriteProductsListRouter.swift */; };
		2C9BCC882CEBEACB00F2FF89 /* FavouriteProductsListPresenter.swift in Sources */ = {isa = PBXBuildFile; fileRef = 2C9BCC872CEBEACB00F2FF89 /* FavouriteProductsListPresenter.swift */; };
		3AA3599A6C94B502AE7D1F4F /* Pods_ProductSearch.framework in Frameworks */ = {isa = PBXBuildFile; fileRef = F89CB5308655A09B65B10973 /* Pods_ProductSearch.framework */; };
/* End PBXBuildFile section */

/* Begin PBXFileReference section */
		26C21A128AD69FF0C74147B5 /* Pods-ProductSearch.release.xcconfig */ = {isa = PBXFileReference; includeInIndex = 1; lastKnownFileType = text.xcconfig; name = "Pods-ProductSearch.release.xcconfig"; path = "Target Support Files/Pods-ProductSearch/Pods-ProductSearch.release.xcconfig"; sourceTree = "<group>"; };
		2C42984B2CEB286500589D8F /* Offset.swift */ = {isa = PBXFileReference; lastKnownFileType = sourcecode.swift; path = Offset.swift; sourceTree = "<group>"; };
		2C42984C2CEB286500589D8F /* UIImageView+Extension.swift */ = {isa = PBXFileReference; lastKnownFileType = sourcecode.swift; path = "UIImageView+Extension.swift"; sourceTree = "<group>"; };
		2C42984E2CEB286500589D8F /* ProductDetailsViewController.swift */ = {isa = PBXFileReference; lastKnownFileType = sourcecode.swift; path = ProductDetailsViewController.swift; sourceTree = "<group>"; };
		2C4298502CEB286500589D8F /* ProductCollectionViewCell.swift */ = {isa = PBXFileReference; lastKnownFileType = sourcecode.swift; path = ProductCollectionViewCell.swift; sourceTree = "<group>"; };
		2C4298512CEB286500589D8F /* SearchProductInteractor.swift */ = {isa = PBXFileReference; lastKnownFileType = sourcecode.swift; path = SearchProductInteractor.swift; sourceTree = "<group>"; };
		2C4298522CEB286500589D8F /* SearchProductPresenter.swift */ = {isa = PBXFileReference; lastKnownFileType = sourcecode.swift; path = SearchProductPresenter.swift; sourceTree = "<group>"; };
		2C4298532CEB286500589D8F /* SearchProductRouter.swift */ = {isa = PBXFileReference; lastKnownFileType = sourcecode.swift; path = SearchProductRouter.swift; sourceTree = "<group>"; };
		2C4298542CEB286500589D8F /* SearchProductViewController.swift */ = {isa = PBXFileReference; lastKnownFileType = sourcecode.swift; path = SearchProductViewController.swift; sourceTree = "<group>"; };
		2C4298562CEB286500589D8F /* Product.swift */ = {isa = PBXFileReference; lastKnownFileType = sourcecode.swift; path = Product.swift; sourceTree = "<group>"; };
		2C4298572CEB286500589D8F /* RequestsManager.swift */ = {isa = PBXFileReference; lastKnownFileType = sourcecode.swift; path = RequestsManager.swift; sourceTree = "<group>"; };
		2C4298592CEB286500589D8F /* ImageButtonView.swift */ = {isa = PBXFileReference; lastKnownFileType = sourcecode.swift; path = ImageButtonView.swift; sourceTree = "<group>"; };
		2C42985A2CEB286500589D8F /* TitleSubtitleView.swift */ = {isa = PBXFileReference; lastKnownFileType = sourcecode.swift; path = TitleSubtitleView.swift; sourceTree = "<group>"; };
		2C42985C2CEB286500589D8F /* AppDelegate.swift */ = {isa = PBXFileReference; lastKnownFileType = sourcecode.swift; path = AppDelegate.swift; sourceTree = "<group>"; };
		2C42985D2CEB286500589D8F /* Assets.xcassets */ = {isa = PBXFileReference; lastKnownFileType = folder.assetcatalog; path = Assets.xcassets; sourceTree = "<group>"; };
		2C42985E2CEB286500589D8F /* Info.plist */ = {isa = PBXFileReference; lastKnownFileType = text.plist.xml; path = Info.plist; sourceTree = "<group>"; };
		2C42985F2CEB286500589D8F /* Base */ = {isa = PBXFileReference; lastKnownFileType = file.storyboard; name = Base; path = Base.lproj/LaunchScreen.storyboard; sourceTree = "<group>"; };
		2C4298612CEB286500589D8F /* Main.storyboard */ = {isa = PBXFileReference; lastKnownFileType = file.storyboard; path = Main.storyboard; sourceTree = "<group>"; };
		2C4298632CEB286500589D8F /* SceneDelegate.swift */ = {isa = PBXFileReference; lastKnownFileType = sourcecode.swift; path = SceneDelegate.swift; sourceTree = "<group>"; };
		2C4298652CEB286500589D8F /* ProductSearch.xcdatamodel */ = {isa = PBXFileReference; lastKnownFileType = wrapper.xcdatamodel; path = ProductSearch.xcdatamodel; sourceTree = "<group>"; };
		2C9777E82CEC8475001A50FD /* String+Extension.swift */ = {isa = PBXFileReference; lastKnownFileType = sourcecode.swift; path = "String+Extension.swift"; sourceTree = "<group>"; };
		2C9777F32CEC8EED001A50FD /* DatabaseManager.swift */ = {isa = PBXFileReference; lastKnownFileType = sourcecode.swift; path = DatabaseManager.swift; sourceTree = "<group>"; };
		2C9777F52CEC9468001A50FD /* ProductModel.swift */ = {isa = PBXFileReference; lastKnownFileType = sourcecode.swift; path = ProductModel.swift; sourceTree = "<group>"; };
		2C9777F72CEC99BA001A50FD /* FavouriteProductsListInteractor.swift */ = {isa = PBXFileReference; lastKnownFileType = sourcecode.swift; path = FavouriteProductsListInteractor.swift; sourceTree = "<group>"; };
		2C9777F92CEC9FC1001A50FD /* ProductsListViewController.swift */ = {isa = PBXFileReference; lastKnownFileType = sourcecode.swift; path = ProductsListViewController.swift; sourceTree = "<group>"; };
		2C9777FC2CECB824001A50FD /* FavouriteProductsListRouter.swift */ = {isa = PBXFileReference; lastKnownFileType = sourcecode.swift; path = FavouriteProductsListRouter.swift; sourceTree = "<group>"; };
		2C9BCC872CEBEACB00F2FF89 /* FavouriteProductsListPresenter.swift */ = {isa = PBXFileReference; lastKnownFileType = sourcecode.swift; path = FavouriteProductsListPresenter.swift; sourceTree = "<group>"; };
		2CD227C32CE9F8A50003F50F /* ProductSearch.app */ = {isa = PBXFileReference; explicitFileType = wrapper.application; includeInIndex = 0; path = ProductSearch.app; sourceTree = BUILT_PRODUCTS_DIR; };
		364B29F08581EB45ACAEC5AA /* Pods-ProductSearch.debug.xcconfig */ = {isa = PBXFileReference; includeInIndex = 1; lastKnownFileType = text.xcconfig; name = "Pods-ProductSearch.debug.xcconfig"; path = "Target Support Files/Pods-ProductSearch/Pods-ProductSearch.debug.xcconfig"; sourceTree = "<group>"; };
		F89CB5308655A09B65B10973 /* Pods_ProductSearch.framework */ = {isa = PBXFileReference; explicitFileType = wrapper.framework; includeInIndex = 0; path = Pods_ProductSearch.framework; sourceTree = BUILT_PRODUCTS_DIR; };
/* End PBXFileReference section */

/* Begin PBXFrameworksBuildPhase section */
		2CD227C02CE9F8A50003F50F /* Frameworks */ = {
			isa = PBXFrameworksBuildPhase;
			buildActionMask = 2147483647;
			files = (
				3AA3599A6C94B502AE7D1F4F /* Pods_ProductSearch.framework in Frameworks */,
			);
			runOnlyForDeploymentPostprocessing = 0;
		};
/* End PBXFrameworksBuildPhase section */

/* Begin PBXGroup section */
		2C42984D2CEB286500589D8F /* Extensions */ = {
			isa = PBXGroup;
			children = (
				2C42984B2CEB286500589D8F /* Offset.swift */,
				2C42984C2CEB286500589D8F /* UIImageView+Extension.swift */,
				2C9777E82CEC8475001A50FD /* String+Extension.swift */,
			);
			path = Extensions;
			sourceTree = "<group>";
		};
		2C42984F2CEB286500589D8F /* ProductDetails */ = {
			isa = PBXGroup;
			children = (
				2C42984E2CEB286500589D8F /* ProductDetailsViewController.swift */,
			);
			path = ProductDetails;
			sourceTree = "<group>";
		};
		2C4298552CEB286500589D8F /* ProductsList */ = {
			isa = PBXGroup;
			children = (
				2C9777F92CEC9FC1001A50FD /* ProductsListViewController.swift */,
				2C4298502CEB286500589D8F /* ProductCollectionViewCell.swift */,
			);
			path = ProductsList;
			sourceTree = "<group>";
		};
		2C4298582CEB286500589D8F /* RequestsManager */ = {
			isa = PBXGroup;
			children = (
				2C4298562CEB286500589D8F /* Product.swift */,
				2C4298572CEB286500589D8F /* RequestsManager.swift */,
			);
			path = RequestsManager;
			sourceTree = "<group>";
		};
		2C42985B2CEB286500589D8F /* Views */ = {
			isa = PBXGroup;
			children = (
				2C4298592CEB286500589D8F /* ImageButtonView.swift */,
				2C42985A2CEB286500589D8F /* TitleSubtitleView.swift */,
			);
			path = Views;
			sourceTree = "<group>";
		};
		2C4298642CEB286500589D8F /* ProductSearch */ = {
			isa = PBXGroup;
			children = (
				2C9777FB2CECA672001A50FD /* SearchProducts */,
				2C9777EA2CEC8BBD001A50FD /* Database */,
				2C9BCC862CEBEAA500F2FF89 /* FavouriteProductsList */,
				2C42984D2CEB286500589D8F /* Extensions */,
				2C42984F2CEB286500589D8F /* ProductDetails */,
				2C4298552CEB286500589D8F /* ProductsList */,
				2C4298582CEB286500589D8F /* RequestsManager */,
				2C42985B2CEB286500589D8F /* Views */,
				2C42985C2CEB286500589D8F /* AppDelegate.swift */,
				2C42985D2CEB286500589D8F /* Assets.xcassets */,
				2C42985E2CEB286500589D8F /* Info.plist */,
				2C4298602CEB286500589D8F /* LaunchScreen.storyboard */,
				2C4298612CEB286500589D8F /* Main.storyboard */,
				2C4298622CEB286500589D8F /* ProductSearch.xcdatamodeld */,
				2C4298632CEB286500589D8F /* SceneDelegate.swift */,
			);
			path = ProductSearch;
			sourceTree = "<group>";
		};
		2C9777EA2CEC8BBD001A50FD /* Database */ = {
			isa = PBXGroup;
			children = (
				2C9777F32CEC8EED001A50FD /* DatabaseManager.swift */,
				2C9777F52CEC9468001A50FD /* ProductModel.swift */,
			);
			path = Database;
			sourceTree = "<group>";
		};
		2C9777FB2CECA672001A50FD /* SearchProducts */ = {
			isa = PBXGroup;
			children = (
				2C4298542CEB286500589D8F /* SearchProductViewController.swift */,
				2C4298522CEB286500589D8F /* SearchProductPresenter.swift */,
				2C4298512CEB286500589D8F /* SearchProductInteractor.swift */,
				2C4298532CEB286500589D8F /* SearchProductRouter.swift */,
			);
			path = SearchProducts;
			sourceTree = "<group>";
		};
		2C9BCC862CEBEAA500F2FF89 /* FavouriteProductsList */ = {
			isa = PBXGroup;
			children = (
				2C9BCC872CEBEACB00F2FF89 /* FavouriteProductsListPresenter.swift */,
				2C9777F72CEC99BA001A50FD /* FavouriteProductsListInteractor.swift */,
				2C9777FC2CECB824001A50FD /* FavouriteProductsListRouter.swift */,
			);
			path = FavouriteProductsList;
			sourceTree = "<group>";
		};
		2CD227BA2CE9F8A50003F50F = {
			isa = PBXGroup;
			children = (
				2C4298642CEB286500589D8F /* ProductSearch */,
				2CD227C42CE9F8A50003F50F /* Products */,
				4DE1DA34A7CE3E35BC74C2EA /* Pods */,
				4883CD3888AAF17934B5DD4A /* Frameworks */,
			);
			sourceTree = "<group>";
		};
		2CD227C42CE9F8A50003F50F /* Products */ = {
			isa = PBXGroup;
			children = (
				2CD227C32CE9F8A50003F50F /* ProductSearch.app */,
			);
			name = Products;
			sourceTree = "<group>";
		};
		4883CD3888AAF17934B5DD4A /* Frameworks */ = {
			isa = PBXGroup;
			children = (
				F89CB5308655A09B65B10973 /* Pods_ProductSearch.framework */,
			);
			name = Frameworks;
			sourceTree = "<group>";
		};
		4DE1DA34A7CE3E35BC74C2EA /* Pods */ = {
			isa = PBXGroup;
			children = (
				364B29F08581EB45ACAEC5AA /* Pods-ProductSearch.debug.xcconfig */,
				26C21A128AD69FF0C74147B5 /* Pods-ProductSearch.release.xcconfig */,
			);
			path = Pods;
			sourceTree = "<group>";
		};
/* End PBXGroup section */

/* Begin PBXNativeTarget section */
		2CD227C22CE9F8A50003F50F /* ProductSearch */ = {
			isa = PBXNativeTarget;
			buildConfigurationList = 2CD227D92CE9F8A60003F50F /* Build configuration list for PBXNativeTarget "ProductSearch" */;
			buildPhases = (
				69288B0EA0177CBEAA3D040B /* [CP] Check Pods Manifest.lock */,
				2CD227BF2CE9F8A50003F50F /* Sources */,
				2CD227C02CE9F8A50003F50F /* Frameworks */,
				2CD227C12CE9F8A50003F50F /* Resources */,
				6BB7248CB0BD4175A1112B1E /* [CP] Embed Pods Frameworks */,
			);
			buildRules = (
			);
			dependencies = (
			);
			name = ProductSearch;
			productName = ProductSearch;
			productReference = 2CD227C32CE9F8A50003F50F /* ProductSearch.app */;
			productType = "com.apple.product-type.application";
		};
/* End PBXNativeTarget section */

/* Begin PBXProject section */
		2CD227BB2CE9F8A50003F50F /* Project object */ = {
			isa = PBXProject;
			attributes = {
				BuildIndependentTargetsInParallel = 1;
				LastSwiftUpdateCheck = 1600;
				LastUpgradeCheck = 1600;
				TargetAttributes = {
					2CD227C22CE9F8A50003F50F = {
						CreatedOnToolsVersion = 16.0;
					};
				};
			};
			buildConfigurationList = 2CD227BE2CE9F8A50003F50F /* Build configuration list for PBXProject "ProductSearch" */;
			compatibilityVersion = "Xcode 14.0";
			developmentRegion = en;
			hasScannedForEncodings = 0;
			knownRegions = (
				en,
				Base,
			);
			mainGroup = 2CD227BA2CE9F8A50003F50F;
			minimizedProjectReferenceProxies = 1;
			productRefGroup = 2CD227C42CE9F8A50003F50F /* Products */;
			projectDirPath = "";
			projectRoot = "";
			targets = (
				2CD227C22CE9F8A50003F50F /* ProductSearch */,
			);
		};
/* End PBXProject section */

/* Begin PBXResourcesBuildPhase section */
		2CD227C12CE9F8A50003F50F /* Resources */ = {
			isa = PBXResourcesBuildPhase;
			buildActionMask = 2147483647;
			files = (
				2C4298752CEB286500589D8F /* Assets.xcassets in Resources */,
				2C4298772CEB286500589D8F /* LaunchScreen.storyboard in Resources */,
				2C4298782CEB286500589D8F /* Main.storyboard in Resources */,
			);
			runOnlyForDeploymentPostprocessing = 0;
		};
/* End PBXResourcesBuildPhase section */

/* Begin PBXShellScriptBuildPhase section */
		69288B0EA0177CBEAA3D040B /* [CP] Check Pods Manifest.lock */ = {
			isa = PBXShellScriptBuildPhase;
			buildActionMask = 2147483647;
			files = (
			);
			inputFileListPaths = (
			);
			inputPaths = (
				"${PODS_PODFILE_DIR_PATH}/Podfile.lock",
				"${PODS_ROOT}/Manifest.lock",
			);
			name = "[CP] Check Pods Manifest.lock";
			outputFileListPaths = (
			);
			outputPaths = (
				"$(DERIVED_FILE_DIR)/Pods-ProductSearch-checkManifestLockResult.txt",
			);
			runOnlyForDeploymentPostprocessing = 0;
			shellPath = /bin/sh;
			shellScript = "diff \"${PODS_PODFILE_DIR_PATH}/Podfile.lock\" \"${PODS_ROOT}/Manifest.lock\" > /dev/null\nif [ $? != 0 ] ; then\n    # print error to STDERR\n    echo \"error: The sandbox is not in sync with the Podfile.lock. Run 'pod install' or update your CocoaPods installation.\" >&2\n    exit 1\nfi\n# This output is used by Xcode 'outputs' to avoid re-running this script phase.\necho \"SUCCESS\" > \"${SCRIPT_OUTPUT_FILE_0}\"\n";
			showEnvVarsInLog = 0;
		};
		6BB7248CB0BD4175A1112B1E /* [CP] Embed Pods Frameworks */ = {
			isa = PBXShellScriptBuildPhase;
			buildActionMask = 2147483647;
			files = (
			);
			inputFileListPaths = (
				"${PODS_ROOT}/Target Support Files/Pods-ProductSearch/Pods-ProductSearch-frameworks-${CONFIGURATION}-input-files.xcfilelist",
			);
			name = "[CP] Embed Pods Frameworks";
			outputFileListPaths = (
				"${PODS_ROOT}/Target Support Files/Pods-ProductSearch/Pods-ProductSearch-frameworks-${CONFIGURATION}-output-files.xcfilelist",
			);
			runOnlyForDeploymentPostprocessing = 0;
			shellPath = /bin/sh;
			shellScript = "\"${PODS_ROOT}/Target Support Files/Pods-ProductSearch/Pods-ProductSearch-frameworks.sh\"\n";
			showEnvVarsInLog = 0;
		};
/* End PBXShellScriptBuildPhase section */

/* Begin PBXSourcesBuildPhase section */
		2CD227BF2CE9F8A50003F50F /* Sources */ = {
			isa = PBXSourcesBuildPhase;
			buildActionMask = 2147483647;
			files = (
				2C4298662CEB286500589D8F /* Offset.swift in Sources */,
				2C4298672CEB286500589D8F /* UIImageView+Extension.swift in Sources */,
				2C9777FD2CECB824001A50FD /* FavouriteProductsListRouter.swift in Sources */,
				2C4298682CEB286500589D8F /* ProductDetailsViewController.swift in Sources */,
				2C4298692CEB286500589D8F /* ProductCollectionViewCell.swift in Sources */,
				2C42986A2CEB286500589D8F /* SearchProductInteractor.swift in Sources */,
				2C42986B2CEB286500589D8F /* SearchProductPresenter.swift in Sources */,
				2C42986C2CEB286500589D8F /* SearchProductRouter.swift in Sources */,
				2C42986D2CEB286500589D8F /* SearchProductViewController.swift in Sources */,
				2C9777E92CEC8475001A50FD /* String+Extension.swift in Sources */,
				2C42986E2CEB286500589D8F /* Product.swift in Sources */,
				2C9777F62CEC9468001A50FD /* ProductModel.swift in Sources */,
				2C42986F2CEB286500589D8F /* RequestsManager.swift in Sources */,
				2C9777FA2CEC9FCD001A50FD /* ProductsListViewController.swift in Sources */,
				2C4298702CEB286500589D8F /* ImageButtonView.swift in Sources */,
				2C4298712CEB286500589D8F /* TitleSubtitleView.swift in Sources */,
				2C9777F42CEC8EED001A50FD /* DatabaseManager.swift in Sources */,
				2C9BCC882CEBEACB00F2FF89 /* FavouriteProductsListPresenter.swift in Sources */,
				2C9777F82CEC99BA001A50FD /* FavouriteProductsListInteractor.swift in Sources */,
				2C4298722CEB286500589D8F /* AppDelegate.swift in Sources */,
				2C4298732CEB286500589D8F /* ProductSearch.xcdatamodeld in Sources */,
				2C4298742CEB286500589D8F /* SceneDelegate.swift in Sources */,
			);
			runOnlyForDeploymentPostprocessing = 0;
		};
/* End PBXSourcesBuildPhase section */

/* Begin PBXVariantGroup section */
		2C4298602CEB286500589D8F /* LaunchScreen.storyboard */ = {
			isa = PBXVariantGroup;
			children = (
				2C42985F2CEB286500589D8F /* Base */,
			);
			name = LaunchScreen.storyboard;
			sourceTree = "<group>";
		};
/* End PBXVariantGroup section */

/* Begin XCBuildConfiguration section */
		2CD227DA2CE9F8A60003F50F /* Debug */ = {
			isa = XCBuildConfiguration;
			baseConfigurationReference = 364B29F08581EB45ACAEC5AA /* Pods-ProductSearch.debug.xcconfig */;
			buildSettings = {
				ASSETCATALOG_COMPILER_APPICON_NAME = AppIcon;
				ASSETCATALOG_COMPILER_GLOBAL_ACCENT_COLOR_NAME = AccentColor;
				CODE_SIGN_STYLE = Automatic;
				CURRENT_PROJECT_VERSION = 1;
				DEVELOPMENT_TEAM = X3M2QDVZ6C;
				ENABLE_USER_SCRIPT_SANDBOXING = NO;
				GENERATE_INFOPLIST_FILE = YES;
				INFOPLIST_FILE = ProductSearch/Info.plist;
				INFOPLIST_KEY_UIApplicationSupportsIndirectInputEvents = YES;
				INFOPLIST_KEY_UILaunchStoryboardName = LaunchScreen;
				INFOPLIST_KEY_UIMainStoryboardFile = Main;
				INFOPLIST_KEY_UISupportedInterfaceOrientations_iPad = "UIInterfaceOrientationPortrait UIInterfaceOrientationPortraitUpsideDown UIInterfaceOrientationLandscapeLeft UIInterfaceOrientationLandscapeRight";
				INFOPLIST_KEY_UISupportedInterfaceOrientations_iPhone = "UIInterfaceOrientationPortrait UIInterfaceOrientationLandscapeLeft UIInterfaceOrientationLandscapeRight";
				IPHONEOS_DEPLOYMENT_TARGET = 15.0;
				LD_RUNPATH_SEARCH_PATHS = (
					"$(inherited)",
					"@executable_path/Frameworks",
				);
				MARKETING_VERSION = 1.0;
				PRODUCT_BUNDLE_IDENTIFIER = home.ProductSearch;
				PRODUCT_NAME = "$(TARGET_NAME)";
				SWIFT_EMIT_LOC_STRINGS = YES;
				SWIFT_VERSION = 5.0;
				TARGETED_DEVICE_FAMILY = "1,2";
			};
			name = Debug;
		};
		2CD227DB2CE9F8A60003F50F /* Release */ = {
			isa = XCBuildConfiguration;
			baseConfigurationReference = 26C21A128AD69FF0C74147B5 /* Pods-ProductSearch.release.xcconfig */;
			buildSettings = {
				ASSETCATALOG_COMPILER_APPICON_NAME = AppIcon;
				ASSETCATALOG_COMPILER_GLOBAL_ACCENT_COLOR_NAME = AccentColor;
				CODE_SIGN_STYLE = Automatic;
				CURRENT_PROJECT_VERSION = 1;
				DEVELOPMENT_TEAM = X3M2QDVZ6C;
				ENABLE_USER_SCRIPT_SANDBOXING = NO;
				GENERATE_INFOPLIST_FILE = YES;
				INFOPLIST_FILE = ProductSearch/Info.plist;
				INFOPLIST_KEY_UIApplicationSupportsIndirectInputEvents = YES;
				INFOPLIST_KEY_UILaunchStoryboardName = LaunchScreen;
				INFOPLIST_KEY_UIMainStoryboardFile = Main;
				INFOPLIST_KEY_UISupportedInterfaceOrientations_iPad = "UIInterfaceOrientationPortrait UIInterfaceOrientationPortraitUpsideDown UIInterfaceOrientationLandscapeLeft UIInterfaceOrientationLandscapeRight";
				INFOPLIST_KEY_UISupportedInterfaceOrientations_iPhone = "UIInterfaceOrientationPortrait UIInterfaceOrientationLandscapeLeft UIInterfaceOrientationLandscapeRight";
				IPHONEOS_DEPLOYMENT_TARGET = 15.0;
				LD_RUNPATH_SEARCH_PATHS = (
					"$(inherited)",
					"@executable_path/Frameworks",
				);
				MARKETING_VERSION = 1.0;
				PRODUCT_BUNDLE_IDENTIFIER = home.ProductSearch;
				PRODUCT_NAME = "$(TARGET_NAME)";
				SWIFT_EMIT_LOC_STRINGS = YES;
				SWIFT_VERSION = 5.0;
				TARGETED_DEVICE_FAMILY = "1,2";
			};
			name = Release;
		};
		2CD227DC2CE9F8A60003F50F /* Debug */ = {
			isa = XCBuildConfiguration;
			buildSettings = {
				ALWAYS_SEARCH_USER_PATHS = NO;
				ASSETCATALOG_COMPILER_GENERATE_SWIFT_ASSET_SYMBOL_EXTENSIONS = YES;
				CLANG_ANALYZER_NONNULL = YES;
				CLANG_ANALYZER_NUMBER_OBJECT_CONVERSION = YES_AGGRESSIVE;
				CLANG_CXX_LANGUAGE_STANDARD = "gnu++20";
				CLANG_ENABLE_MODULES = YES;
				CLANG_ENABLE_OBJC_ARC = YES;
				CLANG_ENABLE_OBJC_WEAK = YES;
				CLANG_WARN_BLOCK_CAPTURE_AUTORELEASING = YES;
				CLANG_WARN_BOOL_CONVERSION = YES;
				CLANG_WARN_COMMA = YES;
				CLANG_WARN_CONSTANT_CONVERSION = YES;
				CLANG_WARN_DEPRECATED_OBJC_IMPLEMENTATIONS = YES;
				CLANG_WARN_DIRECT_OBJC_ISA_USAGE = YES_ERROR;
				CLANG_WARN_DOCUMENTATION_COMMENTS = YES;
				CLANG_WARN_EMPTY_BODY = YES;
				CLANG_WARN_ENUM_CONVERSION = YES;
				CLANG_WARN_INFINITE_RECURSION = YES;
				CLANG_WARN_INT_CONVERSION = YES;
				CLANG_WARN_NON_LITERAL_NULL_CONVERSION = YES;
				CLANG_WARN_OBJC_IMPLICIT_RETAIN_SELF = YES;
				CLANG_WARN_OBJC_LITERAL_CONVERSION = YES;
				CLANG_WARN_OBJC_ROOT_CLASS = YES_ERROR;
				CLANG_WARN_QUOTED_INCLUDE_IN_FRAMEWORK_HEADER = YES;
				CLANG_WARN_RANGE_LOOP_ANALYSIS = YES;
				CLANG_WARN_STRICT_PROTOTYPES = YES;
				CLANG_WARN_SUSPICIOUS_MOVE = YES;
				CLANG_WARN_UNGUARDED_AVAILABILITY = YES_AGGRESSIVE;
				CLANG_WARN_UNREACHABLE_CODE = YES;
				CLANG_WARN__DUPLICATE_METHOD_MATCH = YES;
				COPY_PHASE_STRIP = NO;
				DEBUG_INFORMATION_FORMAT = dwarf;
				ENABLE_STRICT_OBJC_MSGSEND = YES;
				ENABLE_TESTABILITY = YES;
				ENABLE_USER_SCRIPT_SANDBOXING = YES;
				GCC_C_LANGUAGE_STANDARD = gnu17;
				GCC_DYNAMIC_NO_PIC = NO;
				GCC_NO_COMMON_BLOCKS = YES;
				GCC_OPTIMIZATION_LEVEL = 0;
				GCC_PREPROCESSOR_DEFINITIONS = (
					"DEBUG=1",
					"$(inherited)",
				);
				GCC_WARN_64_TO_32_BIT_CONVERSION = YES;
				GCC_WARN_ABOUT_RETURN_TYPE = YES_ERROR;
				GCC_WARN_UNDECLARED_SELECTOR = YES;
				GCC_WARN_UNINITIALIZED_AUTOS = YES_AGGRESSIVE;
				GCC_WARN_UNUSED_FUNCTION = YES;
				GCC_WARN_UNUSED_VARIABLE = YES;
				IPHONEOS_DEPLOYMENT_TARGET = 15.6;
				LOCALIZATION_PREFERS_STRING_CATALOGS = YES;
				MTL_ENABLE_DEBUG_INFO = INCLUDE_SOURCE;
				MTL_FAST_MATH = YES;
				ONLY_ACTIVE_ARCH = YES;
				SDKROOT = iphoneos;
				SWIFT_ACTIVE_COMPILATION_CONDITIONS = "DEBUG $(inherited)";
				SWIFT_OPTIMIZATION_LEVEL = "-Onone";
			};
			name = Debug;
		};
		2CD227DD2CE9F8A60003F50F /* Release */ = {
			isa = XCBuildConfiguration;
			buildSettings = {
				ALWAYS_SEARCH_USER_PATHS = NO;
				ASSETCATALOG_COMPILER_GENERATE_SWIFT_ASSET_SYMBOL_EXTENSIONS = YES;
				CLANG_ANALYZER_NONNULL = YES;
				CLANG_ANALYZER_NUMBER_OBJECT_CONVERSION = YES_AGGRESSIVE;
				CLANG_CXX_LANGUAGE_STANDARD = "gnu++20";
				CLANG_ENABLE_MODULES = YES;
				CLANG_ENABLE_OBJC_ARC = YES;
				CLANG_ENABLE_OBJC_WEAK = YES;
				CLANG_WARN_BLOCK_CAPTURE_AUTORELEASING = YES;
				CLANG_WARN_BOOL_CONVERSION = YES;
				CLANG_WARN_COMMA = YES;
				CLANG_WARN_CONSTANT_CONVERSION = YES;
				CLANG_WARN_DEPRECATED_OBJC_IMPLEMENTATIONS = YES;
				CLANG_WARN_DIRECT_OBJC_ISA_USAGE = YES_ERROR;
				CLANG_WARN_DOCUMENTATION_COMMENTS = YES;
				CLANG_WARN_EMPTY_BODY = YES;
				CLANG_WARN_ENUM_CONVERSION = YES;
				CLANG_WARN_INFINITE_RECURSION = YES;
				CLANG_WARN_INT_CONVERSION = YES;
				CLANG_WARN_NON_LITERAL_NULL_CONVERSION = YES;
				CLANG_WARN_OBJC_IMPLICIT_RETAIN_SELF = YES;
				CLANG_WARN_OBJC_LITERAL_CONVERSION = YES;
				CLANG_WARN_OBJC_ROOT_CLASS = YES_ERROR;
				CLANG_WARN_QUOTED_INCLUDE_IN_FRAMEWORK_HEADER = YES;
				CLANG_WARN_RANGE_LOOP_ANALYSIS = YES;
				CLANG_WARN_STRICT_PROTOTYPES = YES;
				CLANG_WARN_SUSPICIOUS_MOVE = YES;
				CLANG_WARN_UNGUARDED_AVAILABILITY = YES_AGGRESSIVE;
				CLANG_WARN_UNREACHABLE_CODE = YES;
				CLANG_WARN__DUPLICATE_METHOD_MATCH = YES;
				COPY_PHASE_STRIP = NO;
				DEBUG_INFORMATION_FORMAT = "dwarf-with-dsym";
				ENABLE_NS_ASSERTIONS = NO;
				ENABLE_STRICT_OBJC_MSGSEND = YES;
				ENABLE_USER_SCRIPT_SANDBOXING = YES;
				GCC_C_LANGUAGE_STANDARD = gnu17;
				GCC_NO_COMMON_BLOCKS = YES;
				GCC_WARN_64_TO_32_BIT_CONVERSION = YES;
				GCC_WARN_ABOUT_RETURN_TYPE = YES_ERROR;
				GCC_WARN_UNDECLARED_SELECTOR = YES;
				GCC_WARN_UNINITIALIZED_AUTOS = YES_AGGRESSIVE;
				GCC_WARN_UNUSED_FUNCTION = YES;
				GCC_WARN_UNUSED_VARIABLE = YES;
				IPHONEOS_DEPLOYMENT_TARGET = 15.6;
				LOCALIZATION_PREFERS_STRING_CATALOGS = YES;
				MTL_ENABLE_DEBUG_INFO = NO;
				MTL_FAST_MATH = YES;
				SDKROOT = iphoneos;
				SWIFT_COMPILATION_MODE = wholemodule;
				VALIDATE_PRODUCT = YES;
			};
			name = Release;
		};
/* End XCBuildConfiguration section */

/* Begin XCConfigurationList section */
		2CD227BE2CE9F8A50003F50F /* Build configuration list for PBXProject "ProductSearch" */ = {
			isa = XCConfigurationList;
			buildConfigurations = (
				2CD227DC2CE9F8A60003F50F /* Debug */,
				2CD227DD2CE9F8A60003F50F /* Release */,
			);
			defaultConfigurationIsVisible = 0;
			defaultConfigurationName = Release;
		};
		2CD227D92CE9F8A60003F50F /* Build configuration list for PBXNativeTarget "ProductSearch" */ = {
			isa = XCConfigurationList;
			buildConfigurations = (
				2CD227DA2CE9F8A60003F50F /* Debug */,
				2CD227DB2CE9F8A60003F50F /* Release */,
			);
			defaultConfigurationIsVisible = 0;
			defaultConfigurationName = Release;
		};
/* End XCConfigurationList section */

/* Begin XCVersionGroup section */
		2C4298622CEB286500589D8F /* ProductSearch.xcdatamodeld */ = {
			isa = XCVersionGroup;
			children = (
				2C4298652CEB286500589D8F /* ProductSearch.xcdatamodel */,
			);
			currentVersion = 2C4298652CEB286500589D8F /* ProductSearch.xcdatamodel */;
			path = ProductSearch.xcdatamodeld;
			sourceTree = "<group>";
			versionGroupType = wrapper.xcdatamodel;
		};
/* End XCVersionGroup section */
	};
	rootObject = 2CD227BB2CE9F8A50003F50F /* Project object */;
}
